
Microsoft Visual Studio Solution File, Format Version 12.00
Project("{FAE04EC0-301F-11D3-BF4B-00C04F79EFBC}") = "CalculatorCore", "CalculatorCore\CalculatorCore.csproj", "{BF19229B-A079-4D86-9F18-47A1C257570F}"
EndProject
Project("{FAE04EC0-301F-11D3-BF4B-00C04F79EFBC}") = "ConsoleUI", "ConsoleUI\ConsoleUI.csproj", "{6613892A-1534-4E29-A28A-6F2485E4BB3D}"
EndProject
Project("{FAE04EC0-301F-11D3-BF4B-00C04F79EFBC}") = "WpfUI", "WpfUI\WpfUI.csproj", "{D0F5BDF2-1D4D-4F23-A149-EB5A898A5C99}"
EndProject
Global
	GlobalSection(SolutionConfigurationPlatforms) = preSolution
		Debug|Any CPU = Debug|Any CPU
		Release|Any CPU = Release|Any CPU
	EndGlobalSection
	GlobalSection(ProjectConfigurationPlatforms) = postSolution
		{BF19229B-A079-4D86-9F18-47A1C257570F}.Debug|Any CPU.ActiveCfg = Debug|Any CPU
		{BF19229B-A079-4D86-9F18-47A1C257570F}.Debug|Any CPU.Build.0 = Debug|Any CPU
		{BF19229B-A079-4D86-9F18-47A1C257570F}.Release|Any CPU.ActiveCfg = Release|Any CPU
		{BF19229B-A079-4D86-9F18-47A1C257570F}.Release|Any CPU.Build.0 = Release|Any CPU
		{6613892A-1534-4E29-A28A-6F2485E4BB3D}.Debug|Any CPU.ActiveCfg = Debug|Any CPU
		{6613892A-1534-4E29-A28A-6F2485E4BB3D}.Debug|Any CPU.Build.0 = Debug|Any CPU
		{6613892A-1534-4E29-A28A-6F2485E4BB3D}.Release|Any CPU.ActiveCfg = Release|Any CPU
		{6613892A-1534-4E29-A28A-6F2485E4BB3D}.Release|Any CPU.Build.0 = Release|Any CPU
		{D0F5BDF2-1D4D-4F23-A149-EB5A898A5C99}.Debug|Any CPU.ActiveCfg = Debug|Any CPU
		{D0F5BDF2-1D4D-4F23-A149-EB5A898A5C99}.Debug|Any CPU.Build.0 = Debug|Any CPU
		{D0F5BDF2-1D4D-4F23-A149-EB5A898A5C99}.Release|Any CPU.ActiveCfg = Release|Any CPU
		{D0F5BDF2-1D4D-4F23-A149-EB5A898A5C99}.Release|Any CPU.Build.0 = Release|Any CPU
	EndGlobalSection
EndGlobal
